
Microsoft Visual Studio Solution File, Format Version 12.00
# Visual Studio 15
VisualStudioVersion = 15.0.28307.438
MinimumVisualStudioVersion = 10.0.40219.1
Project("{9A19103F-16F7-4668-BE54-9A1E7A4F7556}") = "Lotto", "Lotto\Lotto.csproj", "{0D234BC9-19C9-468A-9013-E576AE5B0022}"
EndProject
Global
	GlobalSection(SolutionConfigurationPlatforms) = preSolution
		Debug|Any CPU = Debug|Any CPU
		Release|Any CPU = Release|Any CPU
	EndGlobalSection
	GlobalSection(ProjectConfigurationPlatforms) = postSolution
		{0D234BC9-19C9-468A-9013-E576AE5B0022}.Debug|Any CPU.ActiveCfg = Debug|Any CPU
		{0D234BC9-19C9-468A-9013-E576AE5B0022}.Debug|Any CPU.Build.0 = Debug|Any CPU
		{0D234BC9-19C9-468A-9013-E576AE5B0022}.Release|Any CPU.ActiveCfg = Release|Any CPU
		{0D234BC9-19C9-468A-9013-E576AE5B0022}.Release|Any CPU.Build.0 = Release|Any CPU
	EndGlobalSection
	GlobalSection(SolutionProperties) = preSolution
		HideSolutionNode = FALSE
	EndGlobalSection
	GlobalSection(ExtensibilityGlobals) = postSolution
		SolutionGuid = {3F876FA9-DB34-4E8A-8BCA-84F4D199DC8B}
	EndGlobalSection
EndGlobal
